{
  "name": "ymap-master",
  "version": "1.0.0",
  "lockfileVersion": 1,
  "requires": true,
  "dependencies": {
    "@types/yandex-maps": {
      "version": "2.1.8",
      "resolved": "https://registry.npmjs.org/@types/yandex-maps/-/yandex-maps-2.1.8.tgz",
      "integrity": "sha512-4bRhc/cnrlh2AMGwxO0u4LDvgxhAqlap7hAMuuyGInxFzaKNeuiTTFl5wFwQ0N/gcXBReybwaAqvD5DYZxPZVg=="
    }
  }
}
